
Microsoft Visual Studio Solution File, Format Version 12.00
# Visual Studio Version 16
VisualStudioVersion = 16.0.32126.315
MinimumVisualStudioVersion = 10.0.40219.1
Project("{9A19103F-16F7-4668-BE54-9A1E7A4F7556}") = "WebClient", "WebClient\WebClient.csproj", "{4E44EDFA-E5AD-43AF-B288-0EABD4ACE6C3}"
EndProject
Project("{9A19103F-16F7-4668-BE54-9A1E7A4F7556}") = "Services", "Services\Services.csproj", "{21FD9107-F1A7-4BE9-BF81-5A6CF9E0AC6B}"
EndProject
Project("{2150E333-8FDC-42A3-9474-1A3956D46DE8}") = "Solution Items", "Solution Items", "{C7258E05-EB73-4521-98CD-B2984A9D053A}"
	ProjectSection(SolutionItems) = preProject
		.editorconfig = .editorconfig
	EndProjectSection
EndProject
Global
	GlobalSection(SolutionConfigurationPlatforms) = preSolution
		Debug|Any CPU = Debug|Any CPU
		Release|Any CPU = Release|Any CPU
	EndGlobalSection
	GlobalSection(ProjectConfigurationPlatforms) = postSolution
		{4E44EDFA-E5AD-43AF-B288-0EABD4ACE6C3}.Debug|Any CPU.ActiveCfg = Debug|Any CPU
		{4E44EDFA-E5AD-43AF-B288-0EABD4ACE6C3}.Debug|Any CPU.Build.0 = Debug|Any CPU
		{4E44EDFA-E5AD-43AF-B288-0EABD4ACE6C3}.Release|Any CPU.ActiveCfg = Release|Any CPU
		{4E44EDFA-E5AD-43AF-B288-0EABD4ACE6C3}.Release|Any CPU.Build.0 = Release|Any CPU
		{21FD9107-F1A7-4BE9-BF81-5A6CF9E0AC6B}.Debug|Any CPU.ActiveCfg = Debug|Any CPU
		{21FD9107-F1A7-4BE9-BF81-5A6CF9E0AC6B}.Debug|Any CPU.Build.0 = Debug|Any CPU
		{21FD9107-F1A7-4BE9-BF81-5A6CF9E0AC6B}.Release|Any CPU.ActiveCfg = Release|Any CPU
		{21FD9107-F1A7-4BE9-BF81-5A6CF9E0AC6B}.Release|Any CPU.Build.0 = Release|Any CPU
	EndGlobalSection
	GlobalSection(SolutionProperties) = preSolution
		HideSolutionNode = FALSE
	EndGlobalSection
	GlobalSection(ExtensibilityGlobals) = postSolution
		SolutionGuid = {CB76E8DD-F22E-43EA-8426-F21B2E24E909}
	EndGlobalSection
EndGlobal
